{
  "version": 4,
  "terraform_version": "1.14.8",
  "serial": 53,
  "lineage": "7b627f59-6ca9-74b8-1055-9f95badf9d40",
  "outputs": {
    "file_content": {
      "value": "Server Information\n==================\nRandom ID: lq37i893\nTimestamp: 2026-04-16T13:11:18Z\nUser: /home/yuri_ops/devops-lab/homelab-infra/terraform-basics\n",
      "type": "string"
    },
    "file_name": {
      "value": "server_info.txt",
      "type": "string"
    },
    "fixed_file_content": {
      "value": "Server Information (Fixed)\n==========================\nRandom ID: lq37i893\nCreated: 2026-04-16T13:11:18Z\nUser: /home/yuri_ops/devops-lab/homelab-infra/terraform-basics\n",
      "type": "string"
    },
    "random_id": {
      "value": "lq37i893",
      "type": "string"
    }
  },
  "resources": [
    {
      "mode": "managed",
      "type": "local_file",
      "name": "deployment_info",
      "provider": "provider[\"registry.terraform.io/hashicorp/local\"]",
      "instances": [
        {
          "schema_version": 0,
          "attributes": {
            "content": "Deployment Time: 2026-04-16\nEnvironment: development\n",
            "content_base64": null,
            "content_base64sha256": "spZh/OpOgPTzLxrM7vELtQj7Otowf238cB+WkFtv/nA=",
            "content_base64sha512": "6Cuy14EMpQyYVwaZ67FxeoQ+UNhilsOBDhtyZTXlHxEwVVbtnlDOzsS2MjKBioudM3j1+T5i4v0oCPvooGV38g==",
            "content_md5": "3fa11c0735ecac62c6e51fb7802109a0",
            "content_sha1": "2ecaa227664ba58c3505231c3b21dbe78946d681",
            "content_sha256": "b29661fcea4e80f4f32f1acceef10bb508fb3ada307f6dfc701f96905b6ffe70",
            "content_sha512": "e82bb2d7810ca50c98570699ebb1717a843e50d86296c3810e1b726535e51f11305556ed9e50cecec4b63232818a8b9d3378f5f93e62e2fd2808fbe8a06577f2",
            "directory_permission": "0777",
            "file_permission": "0777",
            "filename": "deployment.txt",
            "id": "2ecaa227664ba58c3505231c3b21dbe78946d681",
            "sensitive_content": null,
            "source": null
          },
          "sensitive_attributes": [
            [
              {
                "type": "get_attr",
                "value": "sensitive_content"
              }
            ]
          ],
          "identity_schema_version": 0
        }
      ]
    },
    {
      "mode": "managed",
      "type": "local_file",
      "name": "server_info",
      "provider": "provider[\"registry.terraform.io/hashicorp/local\"]",
      "instances": [
        {
          "schema_version": 0,
          "attributes": {
            "content": "Server Information\n==================\nRandom ID: lq37i893\nTimestamp: 2026-04-16T13:11:18Z\nUser: /home/yuri_ops/devops-lab/homelab-infra/terraform-basics\n",
            "content_base64": null,
            "content_base64sha256": "bgpR+jp3ZWOGZXUpGknGjILCCYpODELUUK8O8Kqgmas=",
            "content_base64sha512": "C7utUuGQtUeFSZhSn/8NBRmmBCpeMBxPo9BtxnryShGEucwx3G1LjiFkACGbhdNdL1PD4ZgZsoVCMcsdP7BOOA==",
            "content_md5": "b1d50ed2a07e08685037dbec5e17ddb5",
            "content_sha1": "5cb832f542e37066afb8847df7f8db285c5593a0",
            "content_sha256": "6e0a51fa3a776563866575291a49c68c82c2098a4e0c42d450af0ef0aaa099ab",
            "content_sha512": "0bbbad52e190b547854998529fff0d0519a6042a5e301c4fa3d06dc67af24a1184b9cc31dc6d4b8e216400219b85d35d2f53c3e19819b2854231cb1d3fb04e38",
            "directory_permission": "0777",
            "file_permission": "0777",
            "filename": "server_info.txt",
            "id": "5cb832f542e37066afb8847df7f8db285c5593a0",
            "sensitive_content": null,
            "source": null
          },
          "sensitive_attributes": [
            [
              {
                "type": "get_attr",
                "value": "sensitive_content"
              }
            ]
          ],
          "identity_schema_version": 0,
          "dependencies": [
            "random_string.suffix"
          ]
        }
      ]
    },
    {
      "mode": "managed",
      "type": "local_file",
      "name": "server_info_fixed",
      "provider": "provider[\"registry.terraform.io/hashicorp/local\"]",
      "instances": [
        {
          "schema_version": 0,
          "attributes": {
            "content": "Server Information (Fixed)\n==========================\nRandom ID: lq37i893\nCreated: 2026-04-16T13:11:18Z\nUser: /home/yuri_ops/devops-lab/homelab-infra/terraform-basics\n",
            "content_base64": null,
            "content_base64sha256": "mHS4QsKQgpidzgc0waFmTH8B1Cs9FTtERoobqxG4yiA=",
            "content_base64sha512": "95ipHlWLaqbicjkCs7M5Btk5WrEnZTUB5hG/ZvOwhtGR2h1bg/3s3ftkOCEhuT2O4chCtiEQdzp+76OXXYifqQ==",
            "content_md5": "5303712795333ba1d4554b3abf826628",
            "content_sha1": "970ac18fb9c1092c2bfc02d5422e9949cfafe5e4",
            "content_sha256": "9874b842c29082989dce0734c1a1664c7f01d42b3d153b44468a1bab11b8ca20",
            "content_sha512": "f798a91e558b6aa6e2723902b3b33906d9395ab127653501e611bf66f3b086d191da1d5b83fdecddfb64382121b93d8ee1c842b62110773a7eefa3975d889fa9",
            "directory_permission": "0777",
            "file_permission": "0777",
            "filename": "server_info_fixed.txt",
            "id": "970ac18fb9c1092c2bfc02d5422e9949cfafe5e4",
            "sensitive_content": null,
            "source": null
          },
          "sensitive_attributes": [
            [
              {
                "type": "get_attr",
                "value": "sensitive_content"
              }
            ]
          ],
          "identity_schema_version": 0,
          "dependencies": [
            "random_string.suffix",
            "terraform_data.creation_time"
          ]
        }
      ]
    },
    {
      "mode": "managed",
      "type": "local_file",
      "name": "static",
      "provider": "provider[\"registry.terraform.io/hashicorp/local\"]",
      "instances": [
        {
          "schema_version": 0,
          "attributes": {
            "content": "Этот файл не меняется при каждом apply",
            "content_base64": null,
            "content_base64sha256": "FmjcdabFwpUAbxhOBX6kJ7DWbqZuxUmaO5CkVndVx5k=",
            "content_base64sha512": "KMFPry0oWARam5bd22fNsO0nu4uBvR6+8OhjUQ2UrAvUlbxLH0hsHFu4qjNAYxuv1X4g4L5I55ktT6e3EucZtQ==",
            "content_md5": "454d90815e0f42978bb9c04e9942530b",
            "content_sha1": "152eeaf99e3a972c26063efee56059addf846c5a",
            "content_sha256": "1668dc75a6c5c295006f184e057ea427b0d66ea66ec5499a3b90a4567755c799",
            "content_sha512": "28c14faf2d2858045a9b96dddb67cdb0ed27bb8b81bd1ebef0e863510d94ac0bd495bc4b1f486c1c5bb8aa3340631bafd57e20e0be48e7992d4fa7b712e719b5",
            "directory_permission": "0777",
            "file_permission": "0777",
            "filename": "static.txt",
            "id": "152eeaf99e3a972c26063efee56059addf846c5a",
            "sensitive_content": null,
            "source": null
          },
          "sensitive_attributes": [
            [
              {
                "type": "get_attr",
                "value": "sensitive_content"
              }
            ]
          ],
          "identity_schema_version": 0
        }
      ]
    },
    {
      "mode": "managed",
      "type": "random_string",
      "name": "suffix",
      "provider": "provider[\"registry.terraform.io/hashicorp/random\"]",
      "instances": [
        {
          "schema_version": 2,
          "attributes": {
            "id": "lq37i893",
            "keepers": null,
            "length": 8,
            "lower": true,
            "min_lower": 0,
            "min_numeric": 0,
            "min_special": 0,
            "min_upper": 0,
            "number": true,
            "numeric": true,
            "override_special": null,
            "result": "lq37i893",
            "special": false,
            "upper": false
          },
          "sensitive_attributes": [],
          "identity_schema_version": 0
        }
      ]
    },
    {
      "mode": "managed",
      "type": "terraform_data",
      "name": "creation_time",
      "provider": "provider[\"terraform.io/builtin/terraform\"]",
      "instances": [
        {
          "schema_version": 0,
          "attributes": {
            "id": "b54cca5f-1e72-0e11-a7ee-03f10f8a5051",
            "input": {
              "value": "2026-04-16T13:11:18Z",
              "type": "string"
            },
            "output": {
              "value": "2026-04-16T13:11:18Z",
              "type": "string"
            },
            "triggers_replace": null
          },
          "sensitive_attributes": [],
          "identity_schema_version": 0
        }
      ]
    }
  ],
  "check_results": null
}
